
Microsoft Visual Studio Solution File, Format Version 12.00
# Visual Studio 15
VisualStudioVersion = 15.0.28307.421
MinimumVisualStudioVersion = 10.0.40219.1
Project("{FAE04EC0-301F-11D3-BF4B-00C04F79EFBC}") = "StockMerchant", "StockMerchant\StockMerchant.csproj", "{AD62EB18-92FA-40CA-A16A-FA23B3569944}"
EndProject
Global
	GlobalSection(SolutionConfigurationPlatforms) = preSolution
		Debug|Any CPU = Debug|Any CPU
		Release|Any CPU = Release|Any CPU
	EndGlobalSection
	GlobalSection(ProjectConfigurationPlatforms) = postSolution
		{AD62EB18-92FA-40CA-A16A-FA23B3569944}.Debug|Any CPU.ActiveCfg = Debug|Any CPU
		{AD62EB18-92FA-40CA-A16A-FA23B3569944}.Debug|Any CPU.Build.0 = Debug|Any CPU
		{AD62EB18-92FA-40CA-A16A-FA23B3569944}.Release|Any CPU.ActiveCfg = Release|Any CPU
		{AD62EB18-92FA-40CA-A16A-FA23B3569944}.Release|Any CPU.Build.0 = Release|Any CPU
	EndGlobalSection
	GlobalSection(SolutionProperties) = preSolution
		HideSolutionNode = FALSE
	EndGlobalSection
	GlobalSection(ExtensibilityGlobals) = postSolution
		SolutionGuid = {0FFFFFA2-281B-422E-AAE8-E42E3BB559CF}
	EndGlobalSection
EndGlobal
